
Microsoft Visual Studio Solution File, Format Version 12.00
# Visual Studio Version 17
VisualStudioVersion = 17.5.33516.290
MinimumVisualStudioVersion = 10.0.40219.1
Project("{FAE04EC0-301F-11D3-BF4B-00C04F79EFBC}") = "Sealed", "Sealed\Sealed.csproj", "{D104E84A-B2E9-450B-B648-29D3B2A91C8A}"
EndProject
Global
	GlobalSection(SolutionConfigurationPlatforms) = preSolution
		Debug|Any CPU = Debug|Any CPU
		Release|Any CPU = Release|Any CPU
	EndGlobalSection
	GlobalSection(ProjectConfigurationPlatforms) = postSolution
		{D104E84A-B2E9-450B-B648-29D3B2A91C8A}.Debug|Any CPU.ActiveCfg = Debug|Any CPU
		{D104E84A-B2E9-450B-B648-29D3B2A91C8A}.Debug|Any CPU.Build.0 = Debug|Any CPU
		{D104E84A-B2E9-450B-B648-29D3B2A91C8A}.Release|Any CPU.ActiveCfg = Release|Any CPU
		{D104E84A-B2E9-450B-B648-29D3B2A91C8A}.Release|Any CPU.Build.0 = Release|Any CPU
	EndGlobalSection
	GlobalSection(SolutionProperties) = preSolution
		HideSolutionNode = FALSE
	EndGlobalSection
	GlobalSection(ExtensibilityGlobals) = postSolution
		SolutionGuid = {3C903498-7CCE-40BB-80B5-993C8041C594}
	EndGlobalSection
EndGlobal
