
Microsoft Visual Studio Solution File, Format Version 12.00
# Visual Studio Version 17
VisualStudioVersion = 17.5.33516.290
MinimumVisualStudioVersion = 10.0.40219.1
Project("{FAE04EC0-301F-11D3-BF4B-00C04F79EFBC}") = "Dictionary", "Dictionary\Dictionary.csproj", "{7106E297-5E4D-4517-9AE5-138CE6A17CD6}"
EndProject
Global
	GlobalSection(SolutionConfigurationPlatforms) = preSolution
		Debug|Any CPU = Debug|Any CPU
		Release|Any CPU = Release|Any CPU
	EndGlobalSection
	GlobalSection(ProjectConfigurationPlatforms) = postSolution
		{7106E297-5E4D-4517-9AE5-138CE6A17CD6}.Debug|Any CPU.ActiveCfg = Debug|Any CPU
		{7106E297-5E4D-4517-9AE5-138CE6A17CD6}.Debug|Any CPU.Build.0 = Debug|Any CPU
		{7106E297-5E4D-4517-9AE5-138CE6A17CD6}.Release|Any CPU.ActiveCfg = Release|Any CPU
		{7106E297-5E4D-4517-9AE5-138CE6A17CD6}.Release|Any CPU.Build.0 = Release|Any CPU
	EndGlobalSection
	GlobalSection(SolutionProperties) = preSolution
		HideSolutionNode = FALSE
	EndGlobalSection
	GlobalSection(ExtensibilityGlobals) = postSolution
		SolutionGuid = {A74EECE4-A76A-45B4-9F83-B4907E21A14A}
	EndGlobalSection
EndGlobal
